
Microsoft Visual Studio Solution File, Format Version 12.00
# Visual Studio Version 17
VisualStudioVersion = 17.1.32210.238
MinimumVisualStudioVersion = 10.0.40219.1
Project("{FAE04EC0-301F-11D3-BF4B-00C04F79EFBC}") = "ExternalLoginTest", "ExternalLoginTest\ExternalLoginTest.csproj", "{919F00BD-E90A-4576-B6A4-D4C3EFE28135}"
EndProject
Global
	GlobalSection(SolutionConfigurationPlatforms) = preSolution
		Debug|Any CPU = Debug|Any CPU
		Release|Any CPU = Release|Any CPU
	EndGlobalSection
	GlobalSection(ProjectConfigurationPlatforms) = postSolution
		{919F00BD-E90A-4576-B6A4-D4C3EFE28135}.Debug|Any CPU.ActiveCfg = Debug|Any CPU
		{919F00BD-E90A-4576-B6A4-D4C3EFE28135}.Debug|Any CPU.Build.0 = Debug|Any CPU
		{919F00BD-E90A-4576-B6A4-D4C3EFE28135}.Release|Any CPU.ActiveCfg = Release|Any CPU
		{919F00BD-E90A-4576-B6A4-D4C3EFE28135}.Release|Any CPU.Build.0 = Release|Any CPU
	EndGlobalSection
	GlobalSection(SolutionProperties) = preSolution
		HideSolutionNode = FALSE
	EndGlobalSection
	GlobalSection(ExtensibilityGlobals) = postSolution
		SolutionGuid = {B0F717F3-B1A0-43B2-87C2-766409D896BD}
	EndGlobalSection
EndGlobal
